// !$*UTF8*$!
{
	archiveVersion = 1;
	classes = {
	};
	objectVersion = 46;
	objects = {

/* Begin PBXBuildFile section */
		2742821718DFB0D60098C0AA /* Deck.m in Sources */ = {isa = PBXBuildFile; fileRef = 2742821418DFB0D60098C0AA /* Deck.m */; };
		2742821818DFB0D60098C0AA /* PlayingCardDeck.m in Sources */ = {isa = PBXBuildFile; fileRef = 2742821618DFB0D60098C0AA /* PlayingCardDeck.m */; };
		2773BF9F18DE06ED006490A5 /* Foundation.framework in Frameworks */ = {isa = PBXBuildFile; fileRef = 2773BF9E18DE06ED006490A5 /* Foundation.framework */; };
		2773BFA118DE06ED006490A5 /* CoreGraphics.framework in Frameworks */ = {isa = PBXBuildFile; fileRef = 2773BFA018DE06ED006490A5 /* CoreGraphics.framework */; };
		2773BFA318DE06ED006490A5 /* UIKit.framework in Frameworks */ = {isa = PBXBuildFile; fileRef = 2773BFA218DE06ED006490A5 /* UIKit.framework */; };
		2773BFA918DE06ED006490A5 /* InfoPlist.strings in Resources */ = {isa = PBXBuildFile; fileRef = 2773BFA718DE06ED006490A5 /* InfoPlist.strings */; };
		2773BFAB18DE06ED006490A5 /* main.m in Sources */ = {isa = PBXBuildFile; fileRef = 2773BFAA18DE06ED006490A5 /* main.m */; };
		2773BFAF18DE06ED006490A5 /* CardGameAppDelegate.m in Sources */ = {isa = PBXBuildFile; fileRef = 2773BFAE18DE06ED006490A5 /* CardGameAppDelegate.m */; };
		2773BFB218DE06ED006490A5 /* Main.storyboard in Resources */ = {isa = PBXBuildFile; fileRef = 2773BFB018DE06ED006490A5 /* Main.storyboard */; };
		2773BFB518DE06ED006490A5 /* CardGameViewController.m in Sources */ = {isa = PBXBuildFile; fileRef = 2773BFB418DE06ED006490A5 /* CardGameViewController.m */; };
		2773BFB718DE06ED006490A5 /* Images.xcassets in Resources */ = {isa = PBXBuildFile; fileRef = 2773BFB618DE06ED006490A5 /* Images.xcassets */; };
		2773BFBE18DE06ED006490A5 /* XCTest.framework in Frameworks */ = {isa = PBXBuildFile; fileRef = 2773BFBD18DE06ED006490A5 /* XCTest.framework */; };
		2773BFBF18DE06ED006490A5 /* Foundation.framework in Frameworks */ = {isa = PBXBuildFile; fileRef = 2773BF9E18DE06ED006490A5 /* Foundation.framework */; };
		2773BFC018DE06ED006490A5 /* UIKit.framework in Frameworks */ = {isa = PBXBuildFile; fileRef = 2773BFA218DE06ED006490A5 /* UIKit.framework */; };
		2773BFC818DE06ED006490A5 /* InfoPlist.strings in Resources */ = {isa = PBXBuildFile; fileRef = 2773BFC618DE06ED006490A5 /* InfoPlist.strings */; };
		2773BFCA18DE06ED006490A5 /* MatchismoTests.m in Sources */ = {isa = PBXBuildFile; fileRef = 2773BFC918DE06ED006490A5 /* MatchismoTests.m */; };
		27F0A96718DE1211002A188E /* Card.m in Sources */ = {isa = PBXBuildFile; fileRef = 27F0A96618DE1211002A188E /* Card.m */; };
		27F0A96B18DE14F2002A188E /* PlayingCard.m in Sources */ = {isa = PBXBuildFile; fileRef = 27F0A96A18DE14F2002A188E /* PlayingCard.m */; };
/* End PBXBuildFile section */

/* Begin PBXContainerItemProxy section */
		2773BFC118DE06ED006490A5 /* PBXContainerItemProxy */ = {
			isa = PBXContainerItemProxy;
			containerPortal = 2773BF9318DE06ED006490A5 /* Project object */;
			proxyType = 1;
			remoteGlobalIDString = 2773BF9A18DE06ED006490A5;
			remoteInfo = Matchismo;
		};
/* End PBXContainerItemProxy section */

/* Begin PBXFileReference section */
		2742821318DFB0D60098C0AA /* Deck.h */ = {isa = PBXFileReference; fileEncoding = 4; lastKnownFileType = sourcecode.c.h; name = Deck.h; path = Model/Deck.h; sourceTree = "<group>"; };
		2742821418DFB0D60098C0AA /* Deck.m */ = {isa = PBXFileReference; fileEncoding = 4; lastKnownFileType = sourcecode.c.objc; name = Deck.m; path = Model/Deck.m; sourceTree = "<group>"; };
		2742821518DFB0D60098C0AA /* PlayingCardDeck.h */ = {isa = PBXFileReference; fileEncoding = 4; lastKnownFileType = sourcecode.c.h; name = PlayingCardDeck.h; path = Model/PlayingCardDeck.h; sourceTree = "<group>"; };
		2742821618DFB0D60098C0AA /* PlayingCardDeck.m */ = {isa = PBXFileReference; fileEncoding = 4; lastKnownFileType = sourcecode.c.objc; name = PlayingCardDeck.m; path = Model/PlayingCardDeck.m; sourceTree = "<group>"; };
		2773BF9B18DE06ED006490A5 /* Matchismo.app */ = {isa = PBXFileReference; explicitFileType = wrapper.application; includeInIndex = 0; path = Matchismo.app; sourceTree = BUILT_PRODUCTS_DIR; };
		2773BF9E18DE06ED006490A5 /* Foundation.framework */ = {isa = PBXFileReference; lastKnownFileType = wrapper.framework; name = Foundation.framework; path = System/Library/Frameworks/Foundation.framework; sourceTree = SDKROOT; };
		2773BFA018DE06ED006490A5 /* CoreGraphics.framework */ = {isa = PBXFileReference; lastKnownFileType = wrapper.framework; name = CoreGraphics.framework; path = System/Library/Frameworks/CoreGraphics.framework; sourceTree = SDKROOT; };
		2773BFA218DE06ED006490A5 /* UIKit.framework */ = {isa = PBXFileReference; lastKnownFileType = wrapper.framework; name = UIKit.framework; path = System/Library/Frameworks/UIKit.framework; sourceTree = SDKROOT; };
		2773BFA618DE06ED006490A5 /* Matchismo-Info.plist */ = {isa = PBXFileReference; lastKnownFileType = text.plist.xml; path = "Matchismo-Info.plist"; sourceTree = "<group>"; };
		2773BFA818DE06ED006490A5 /* en */ = {isa = PBXFileReference; lastKnownFileType = text.plist.strings; name = en; path = en.lproj/InfoPlist.strings; sourceTree = "<group>"; };
		2773BFAA18DE06ED006490A5 /* main.m */ = {isa = PBXFileReference; lastKnownFileType = sourcecode.c.objc; path = main.m; sourceTree = "<group>"; };
		2773BFAC18DE06ED006490A5 /* Matchismo-Prefix.pch */ = {isa = PBXFileReference; lastKnownFileType = sourcecode.c.h; path = "Matchismo-Prefix.pch"; sourceTree = "<group>"; };
		2773BFAD18DE06ED006490A5 /* CardGameAppDelegate.h */ = {isa = PBXFileReference; lastKnownFileType = sourcecode.c.h; path = CardGameAppDelegate.h; sourceTree = "<group>"; };
		2773BFAE18DE06ED006490A5 /* CardGameAppDelegate.m */ = {isa = PBXFileReference; lastKnownFileType = sourcecode.c.objc; path = CardGameAppDelegate.m; sourceTree = "<group>"; };
		2773BFB118DE06ED006490A5 /* Base */ = {isa = PBXFileReference; lastKnownFileType = file.storyboard; name = Base; path = Base.lproj/Main.storyboard; sourceTree = "<group>"; };
		2773BFB318DE06ED006490A5 /* CardGameViewController.h */ = {isa = PBXFileReference; lastKnownFileType = sourcecode.c.h; path = CardGameViewController.h; sourceTree = "<group>"; };
		2773BFB418DE06ED006490A5 /* CardGameViewController.m */ = {isa = PBXFileReference; lastKnownFileType = sourcecode.c.objc; path = CardGameViewController.m; sourceTree = "<group>"; };
		2773BFB618DE06ED006490A5 /* Images.xcassets */ = {isa = PBXFileReference; lastKnownFileType = folder.assetcatalog; path = Images.xcassets; sourceTree = "<group>"; };
		2773BFBC18DE06ED006490A5 /* MatchismoTests.xctest */ = {isa = PBXFileReference; explicitFileType = wrapper.cfbundle; includeInIndex = 0; path = MatchismoTests.xctest; sourceTree = BUILT_PRODUCTS_DIR; };
		2773BFBD18DE06ED006490A5 /* XCTest.framework */ = {isa = PBXFileReference; lastKnownFileType = wrapper.framework; name = XCTest.framework; path = Library/Frameworks/XCTest.framework; sourceTree = DEVELOPER_DIR; };
		2773BFC518DE06ED006490A5 /* MatchismoTests-Info.plist */ = {isa = PBXFileReference; lastKnownFileType = text.plist.xml; path = "MatchismoTests-Info.plist"; sourceTree = "<group>"; };
		2773BFC718DE06ED006490A5 /* en */ = {isa = PBXFileReference; lastKnownFileType = text.plist.strings; name = en; path = en.lproj/InfoPlist.strings; sourceTree = "<group>"; };
		2773BFC918DE06ED006490A5 /* MatchismoTests.m */ = {isa = PBXFileReference; lastKnownFileType = sourcecode.c.objc; path = MatchismoTests.m; sourceTree = "<group>"; };
		27F0A96518DE1211002A188E /* Card.h */ = {isa = PBXFileReference; fileEncoding = 4; lastKnownFileType = sourcecode.c.h; name = Card.h; path = Model/Card.h; sourceTree = "<group>"; };
		27F0A96618DE1211002A188E /* Card.m */ = {isa = PBXFileReference; fileEncoding = 4; lastKnownFileType = sourcecode.c.objc; name = Card.m; path = Model/Card.m; sourceTree = "<group>"; };
		27F0A96918DE14F2002A188E /* PlayingCard.h */ = {isa = PBXFileReference; fileEncoding = 4; lastKnownFileType = sourcecode.c.h; name = PlayingCard.h; path = Model/PlayingCard.h; sourceTree = "<group>"; };
		27F0A96A18DE14F2002A188E /* PlayingCard.m */ = {isa = PBXFileReference; fileEncoding = 4; lastKnownFileType = sourcecode.c.objc; name = PlayingCard.m; path = Model/PlayingCard.m; sourceTree = "<group>"; };
/* End PBXFileReference section */

/* Begin PBXFrameworksBuildPhase section */
		2773BF9818DE06ED006490A5 /* Frameworks */ = {
			isa = PBXFrameworksBuildPhase;
			buildActionMask = 2147483647;
			files = (
				2773BFA118DE06ED006490A5 /* CoreGraphics.framework in Frameworks */,
				2773BFA318DE06ED006490A5 /* UIKit.framework in Frameworks */,
				2773BF9F18DE06ED006490A5 /* Foundation.framework in Frameworks */,
			);
			runOnlyForDeploymentPostprocessing = 0;
		};
		2773BFB918DE06ED006490A5 /* Frameworks */ = {
			isa = PBXFrameworksBuildPhase;
			buildActionMask = 2147483647;
			files = (
				2773BFBE18DE06ED006490A5 /* XCTest.framework in Frameworks */,
				2773BFC018DE06ED006490A5 /* UIKit.framework in Frameworks */,
				2773BFBF18DE06ED006490A5 /* Foundation.framework in Frameworks */,
			);
			runOnlyForDeploymentPostprocessing = 0;
		};
/* End PBXFrameworksBuildPhase section */

/* Begin PBXGroup section */
		2773BF9218DE06ED006490A5 = {
			isa = PBXGroup;
			children = (
				2773BFA418DE06ED006490A5 /* Matchismo */,
				2773BFC318DE06ED006490A5 /* MatchismoTests */,
				2773BF9D18DE06ED006490A5 /* Frameworks */,
				2773BF9C18DE06ED006490A5 /* Products */,
			);
			sourceTree = "<group>";
		};
		2773BF9C18DE06ED006490A5 /* Products */ = {
			isa = PBXGroup;
			children = (
				2773BF9B18DE06ED006490A5 /* Matchismo.app */,
				2773BFBC18DE06ED006490A5 /* MatchismoTests.xctest */,
			);
			name = Products;
			sourceTree = "<group>";
		};
		2773BF9D18DE06ED006490A5 /* Frameworks */ = {
			isa = PBXGroup;
			children = (
				2773BF9E18DE06ED006490A5 /* Foundation.framework */,
				2773BFA018DE06ED006490A5 /* CoreGraphics.framework */,
				2773BFA218DE06ED006490A5 /* UIKit.framework */,
				2773BFBD18DE06ED006490A5 /* XCTest.framework */,
			);
			name = Frameworks;
			sourceTree = "<group>";
		};
		2773BFA418DE06ED006490A5 /* Matchismo */ = {
			isa = PBXGroup;
			children = (
				2773BFB018DE06ED006490A5 /* Main.storyboard */,
				2773BFB318DE06ED006490A5 /* CardGameViewController.h */,
				2773BFB418DE06ED006490A5 /* CardGameViewController.m */,
				2773BFB618DE06ED006490A5 /* Images.xcassets */,
				27F0A96818DE12D3002A188E /* Model */,
				2773BFA518DE06ED006490A5 /* Supporting Files */,
			);
			path = Matchismo;
			sourceTree = "<group>";
		};
		2773BFA518DE06ED006490A5 /* Supporting Files */ = {
			isa = PBXGroup;
			children = (
				2773BFAD18DE06ED006490A5 /* CardGameAppDelegate.h */,
				2773BFAE18DE06ED006490A5 /* CardGameAppDelegate.m */,
				2773BFA618DE06ED006490A5 /* Matchismo-Info.plist */,
				2773BFA718DE06ED006490A5 /* InfoPlist.strings */,
				2773BFAA18DE06ED006490A5 /* main.m */,
				2773BFAC18DE06ED006490A5 /* Matchismo-Prefix.pch */,
			);
			name = "Supporting Files";
			sourceTree = "<group>";
		};
		2773BFC318DE06ED006490A5 /* MatchismoTests */ = {
			isa = PBXGroup;
			children = (
				2773BFC918DE06ED006490A5 /* MatchismoTests.m */,
				2773BFC418DE06ED006490A5 /* Supporting Files */,
			);
			path = MatchismoTests;
			sourceTree = "<group>";
		};
		2773BFC418DE06ED006490A5 /* Supporting Files */ = {
			isa = PBXGroup;
			children = (
				2773BFC518DE06ED006490A5 /* MatchismoTests-Info.plist */,
				2773BFC618DE06ED006490A5 /* InfoPlist.strings */,
			);
			name = "Supporting Files";
			sourceTree = "<group>";
		};
		27F0A96818DE12D3002A188E /* Model */ = {
			isa = PBXGroup;
			children = (
				27F0A96518DE1211002A188E /* Card.h */,
				27F0A96618DE1211002A188E /* Card.m */,
				2742821318DFB0D60098C0AA /* Deck.h */,
				2742821418DFB0D60098C0AA /* Deck.m */,
				2742821518DFB0D60098C0AA /* PlayingCardDeck.h */,
				2742821618DFB0D60098C0AA /* PlayingCardDeck.m */,
				27F0A96918DE14F2002A188E /* PlayingCard.h */,
				27F0A96A18DE14F2002A188E /* PlayingCard.m */,
			);
			name = Model;
			sourceTree = "<group>";
		};
/* End PBXGroup section */

/* Begin PBXNativeTarget section */
		2773BF9A18DE06ED006490A5 /* Matchismo */ = {
			isa = PBXNativeTarget;
			buildConfigurationList = 2773BFCD18DE06ED006490A5 /* Build configuration list for PBXNativeTarget "Matchismo" */;
			buildPhases = (
				2773BF9718DE06ED006490A5 /* Sources */,
				2773BF9818DE06ED006490A5 /* Frameworks */,
				2773BF9918DE06ED006490A5 /* Resources */,
			);
			buildRules = (
			);
			dependencies = (
			);
			name = Matchismo;
			productName = Matchismo;
			productReference = 2773BF9B18DE06ED006490A5 /* Matchismo.app */;
			productType = "com.apple.product-type.application";
		};
		2773BFBB18DE06ED006490A5 /* MatchismoTests */ = {
			isa = PBXNativeTarget;
			buildConfigurationList = 2773BFD018DE06ED006490A5 /* Build configuration list for PBXNativeTarget "MatchismoTests" */;
			buildPhases = (
				2773BFB818DE06ED006490A5 /* Sources */,
				2773BFB918DE06ED006490A5 /* Frameworks */,
				2773BFBA18DE06ED006490A5 /* Resources */,
			);
			buildRules = (
			);
			dependencies = (
				2773BFC218DE06ED006490A5 /* PBXTargetDependency */,
			);
			name = MatchismoTests;
			productName = MatchismoTests;
			productReference = 2773BFBC18DE06ED006490A5 /* MatchismoTests.xctest */;
			productType = "com.apple.product-type.bundle.unit-test";
		};
/* End PBXNativeTarget section */

/* Begin PBXProject section */
		2773BF9318DE06ED006490A5 /* Project object */ = {
			isa = PBXProject;
			attributes = {
				CLASSPREFIX = CardGame;
				LastUpgradeCheck = 0510;
				ORGANIZATIONNAME = "William Mora";
				TargetAttributes = {
					2773BFBB18DE06ED006490A5 = {
						TestTargetID = 2773BF9A18DE06ED006490A5;
					};
				};
			};
			buildConfigurationList = 2773BF9618DE06ED006490A5 /* Build configuration list for PBXProject "Matchismo" */;
			compatibilityVersion = "Xcode 3.2";
			developmentRegion = English;
			hasScannedForEncodings = 0;
			knownRegions = (
				en,
				Base,
			);
			mainGroup = 2773BF9218DE06ED006490A5;
			productRefGroup = 2773BF9C18DE06ED006490A5 /* Products */;
			projectDirPath = "";
			projectRoot = "";
			targets = (
				2773BF9A18DE06ED006490A5 /* Matchismo */,
				2773BFBB18DE06ED006490A5 /* MatchismoTests */,
			);
		};
/* End PBXProject section */

/* Begin PBXResourcesBuildPhase section */
		2773BF9918DE06ED006490A5 /* Resources */ = {
			isa = PBXResourcesBuildPhase;
			buildActionMask = 2147483647;
			files = (
				2773BFB718DE06ED006490A5 /* Images.xcassets in Resources */,
				2773BFA918DE06ED006490A5 /* InfoPlist.strings in Resources */,
				2773BFB218DE06ED006490A5 /* Main.storyboard in Resources */,
			);
			runOnlyForDeploymentPostprocessing = 0;
		};
		2773BFBA18DE06ED006490A5 /* Resources */ = {
			isa = PBXResourcesBuildPhase;
			buildActionMask = 2147483647;
			files = (
				2773BFC818DE06ED006490A5 /* InfoPlist.strings in Resources */,
			);
			runOnlyForDeploymentPostprocessing = 0;
		};
/* End PBXResourcesBuildPhase section */

/* Begin PBXSourcesBuildPhase section */
		2773BF9718DE06ED006490A5 /* Sources */ = {
			isa = PBXSourcesBuildPhase;
			buildActionMask = 2147483647;
			files = (
				2773BFAF18DE06ED006490A5 /* CardGameAppDelegate.m in Sources */,
				2773BFB518DE06ED006490A5 /* CardGameViewController.m in Sources */,
				2773BFAB18DE06ED006490A5 /* main.m in Sources */,
				27F0A96B18DE14F2002A188E /* PlayingCard.m in Sources */,
				2742821818DFB0D60098C0AA /* PlayingCardDeck.m in Sources */,
				2742821718DFB0D60098C0AA /* Deck.m in Sources */,
				27F0A96718DE1211002A188E /* Card.m in Sources */,
			);
			runOnlyForDeploymentPostprocessing = 0;
		};
		2773BFB818DE06ED006490A5 /* Sources */ = {
			isa = PBXSourcesBuildPhase;
			buildActionMask = 2147483647;
			files = (
				2773BFCA18DE06ED006490A5 /* MatchismoTests.m in Sources */,
			);
			runOnlyForDeploymentPostprocessing = 0;
		};
/* End PBXSourcesBuildPhase section */

/* Begin PBXTargetDependency section */
		2773BFC218DE06ED006490A5 /* PBXTargetDependency */ = {
			isa = PBXTargetDependency;
			target = 2773BF9A18DE06ED006490A5 /* Matchismo */;
			targetProxy = 2773BFC118DE06ED006490A5 /* PBXContainerItemProxy */;
		};
/* End PBXTargetDependency section */

/* Begin PBXVariantGroup section */
		2773BFA718DE06ED006490A5 /* InfoPlist.strings */ = {
			isa = PBXVariantGroup;
			children = (
				2773BFA818DE06ED006490A5 /* en */,
			);
			name = InfoPlist.strings;
			sourceTree = "<group>";
		};
		2773BFB018DE06ED006490A5 /* Main.storyboard */ = {
			isa = PBXVariantGroup;
			children = (
				2773BFB118DE06ED006490A5 /* Base */,
			);
			name = Main.storyboard;
			sourceTree = "<group>";
		};
		2773BFC618DE06ED006490A5 /* InfoPlist.strings */ = {
			isa = PBXVariantGroup;
			children = (
				2773BFC718DE06ED006490A5 /* en */,
			);
			name = InfoPlist.strings;
			sourceTree = "<group>";
		};
/* End PBXVariantGroup section */

/* Begin XCBuildConfiguration section */
		2773BFCB18DE06ED006490A5 /* Debug */ = {
			isa = XCBuildConfiguration;
			buildSettings = {
				ALWAYS_SEARCH_USER_PATHS = NO;
				CLANG_CXX_LANGUAGE_STANDARD = "gnu++0x";
				CLANG_CXX_LIBRARY = "libc++";
				CLANG_ENABLE_MODULES = YES;
				CLANG_ENABLE_OBJC_ARC = YES;
				CLANG_WARN_BOOL_CONVERSION = YES;
				CLANG_WARN_CONSTANT_CONVERSION = YES;
				CLANG_WARN_DIRECT_OBJC_ISA_USAGE = YES_ERROR;
				CLANG_WARN_EMPTY_BODY = YES;
				CLANG_WARN_ENUM_CONVERSION = YES;
				CLANG_WARN_INT_CONVERSION = YES;
				CLANG_WARN_OBJC_ROOT_CLASS = YES_ERROR;
				CLANG_WARN__DUPLICATE_METHOD_MATCH = YES;
				"CODE_SIGN_IDENTITY[sdk=iphoneos*]" = "iPhone Developer";
				COPY_PHASE_STRIP = NO;
				GCC_C_LANGUAGE_STANDARD = gnu99;
				GCC_DYNAMIC_NO_PIC = NO;
				GCC_OPTIMIZATION_LEVEL = 0;
				GCC_PREPROCESSOR_DEFINITIONS = (
					"DEBUG=1",
					"$(inherited)",
				);
				GCC_SYMBOLS_PRIVATE_EXTERN = NO;
				GCC_WARN_64_TO_32_BIT_CONVERSION = YES;
				GCC_WARN_ABOUT_RETURN_TYPE = YES_ERROR;
				GCC_WARN_UNDECLARED_SELECTOR = YES;
				GCC_WARN_UNINITIALIZED_AUTOS = YES_AGGRESSIVE;
				GCC_WARN_UNUSED_FUNCTION = YES;
				GCC_WARN_UNUSED_VARIABLE = YES;
				IPHONEOS_DEPLOYMENT_TARGET = 7.1;
				ONLY_ACTIVE_ARCH = YES;
				SDKROOT = iphoneos;
			};
			name = Debug;
		};
		2773BFCC18DE06ED006490A5 /* Release */ = {
			isa = XCBuildConfiguration;
			buildSettings = {
				ALWAYS_SEARCH_USER_PATHS = NO;
				CLANG_CXX_LANGUAGE_STANDARD = "gnu++0x";
				CLANG_CXX_LIBRARY = "libc++";
				CLANG_ENABLE_MODULES = YES;
				CLANG_ENABLE_OBJC_ARC = YES;
				CLANG_WARN_BOOL_CONVERSION = YES;
				CLANG_WARN_CONSTANT_CONVERSION = YES;
				CLANG_WARN_DIRECT_OBJC_ISA_USAGE = YES_ERROR;
				CLANG_WARN_EMPTY_BODY = YES;
				CLANG_WARN_ENUM_CONVERSION = YES;
				CLANG_WARN_INT_CONVERSION = YES;
				CLANG_WARN_OBJC_ROOT_CLASS = YES_ERROR;
				CLANG_WARN__DUPLICATE_METHOD_MATCH = YES;
				"CODE_SIGN_IDENTITY[sdk=iphoneos*]" = "iPhone Developer";
				COPY_PHASE_STRIP = YES;
				ENABLE_NS_ASSERTIONS = NO;
				GCC_C_LANGUAGE_STANDARD = gnu99;
				GCC_WARN_64_TO_32_BIT_CONVERSION = YES;
				GCC_WARN_ABOUT_RETURN_TYPE = YES_ERROR;
				GCC_WARN_UNDECLARED_SELECTOR = YES;
				GCC_WARN_UNINITIALIZED_AUTOS = YES_AGGRESSIVE;
				GCC_WARN_UNUSED_FUNCTION = YES;
				GCC_WARN_UNUSED_VARIABLE = YES;
				IPHONEOS_DEPLOYMENT_TARGET = 7.1;
				SDKROOT = iphoneos;
				VALIDATE_PRODUCT = YES;
			};
			name = Release;
		};
		2773BFCE18DE06ED006490A5 /* Debug */ = {
			isa = XCBuildConfiguration;
			buildSettings = {
				ASSETCATALOG_COMPILER_APPICON_NAME = AppIcon;
				ASSETCATALOG_COMPILER_LAUNCHIMAGE_NAME = LaunchImage;
				GCC_PRECOMPILE_PREFIX_HEADER = YES;
				GCC_PREFIX_HEADER = "Matchismo/Matchismo-Prefix.pch";
				INFOPLIST_FILE = "Matchismo/Matchismo-Info.plist";
				PRODUCT_NAME = "$(TARGET_NAME)";
				WRAPPER_EXTENSION = app;
			};
			name = Debug;
		};
		2773BFCF18DE06ED006490A5 /* Release */ = {
			isa = XCBuildConfiguration;
			buildSettings = {
				ASSETCATALOG_COMPILER_APPICON_NAME = AppIcon;
				ASSETCATALOG_COMPILER_LAUNCHIMAGE_NAME = LaunchImage;
				GCC_PRECOMPILE_PREFIX_HEADER = YES;
				GCC_PREFIX_HEADER = "Matchismo/Matchismo-Prefix.pch";
				INFOPLIST_FILE = "Matchismo/Matchismo-Info.plist";
				PRODUCT_NAME = "$(TARGET_NAME)";
				WRAPPER_EXTENSION = app;
			};
			name = Release;
		};
		2773BFD118DE06ED006490A5 /* Debug */ = {
			isa = XCBuildConfiguration;
			buildSettings = {
				BUNDLE_LOADER = "$(BUILT_PRODUCTS_DIR)/Matchismo.app/Matchismo";
				FRAMEWORK_SEARCH_PATHS = (
					"$(SDKROOT)/Developer/Library/Frameworks",
					"$(inherited)",
					"$(DEVELOPER_FRAMEWORKS_DIR)",
				);
				GCC_PRECOMPILE_PREFIX_HEADER = YES;
				GCC_PREFIX_HEADER = "Matchismo/Matchismo-Prefix.pch";
				GCC_PREPROCESSOR_DEFINITIONS = (
					"DEBUG=1",
					"$(inherited)",
				);
				INFOPLIST_FILE = "MatchismoTests/MatchismoTests-Info.plist";
				PRODUCT_NAME = "$(TARGET_NAME)";
				TEST_HOST = "$(BUNDLE_LOADER)";
				WRAPPER_EXTENSION = xctest;
			};
			name = Debug;
		};
		2773BFD218DE06ED006490A5 /* Release */ = {
			isa = XCBuildConfiguration;
			buildSettings = {
				BUNDLE_LOADER = "$(BUILT_PRODUCTS_DIR)/Matchismo.app/Matchismo";
				FRAMEWORK_SEARCH_PATHS = (
					"$(SDKROOT)/Developer/Library/Frameworks",
					"$(inherited)",
					"$(DEVELOPER_FRAMEWORKS_DIR)",
				);
				GCC_PRECOMPILE_PREFIX_HEADER = YES;
				GCC_PREFIX_HEADER = "Matchismo/Matchismo-Prefix.pch";
				INFOPLIST_FILE = "MatchismoTests/MatchismoTests-Info.plist";
				PRODUCT_NAME = "$(TARGET_NAME)";
				TEST_HOST = "$(BUNDLE_LOADER)";
				WRAPPER_EXTENSION = xctest;
			};
			name = Release;
		};
/* End XCBuildConfiguration section */

/* Begin XCConfigurationList section */
		2773BF9618DE06ED006490A5 /* Build configuration list for PBXProject "Matchismo" */ = {
			isa = XCConfigurationList;
			buildConfigurations = (
				2773BFCB18DE06ED006490A5 /* Debug */,
				2773BFCC18DE06ED006490A5 /* Release */,
			);
			defaultConfigurationIsVisible = 0;
			defaultConfigurationName = Release;
		};
		2773BFCD18DE06ED006490A5 /* Build configuration list for PBXNativeTarget "Matchismo" */ = {
			isa = XCConfigurationList;
			buildConfigurations = (
				2773BFCE18DE06ED006490A5 /* Debug */,
				2773BFCF18DE06ED006490A5 /* Release */,
			);
			defaultConfigurationIsVisible = 0;
			defaultConfigurationName = Release;
		};
		2773BFD018DE06ED006490A5 /* Build configuration list for PBXNativeTarget "MatchismoTests" */ = {
			isa = XCConfigurationList;
			buildConfigurations = (
				2773BFD118DE06ED006490A5 /* Debug */,
				2773BFD218DE06ED006490A5 /* Release */,
			);
			defaultConfigurationIsVisible = 0;
			defaultConfigurationName = Release;
		};
/* End XCConfigurationList section */
	};
	rootObject = 2773BF9318DE06ED006490A5 /* Project object */;
}
